
Microsoft Visual Studio Solution File, Format Version 12.00
# Visual Studio Version 17
VisualStudioVersion = 17.8.34330.188
MinimumVisualStudioVersion = 10.0.40219.1
Project("{2150E333-8FDC-42A3-9474-1A3956D46DE8}") = "Core", "Core", "{51E65F74-18DA-4FAE-A90A-803101A895C3}"
EndProject
Project("{2150E333-8FDC-42A3-9474-1A3956D46DE8}") = "Presentation", "Presentation", "{B840FEA3-A9B9-4371-8A4E-414D409DA03B}"
EndProject
Project("{2150E333-8FDC-42A3-9474-1A3956D46DE8}") = "Infrastructure", "Infrastructure", "{52C97D04-A36B-40E2-BEAD-D0A1A14E98A5}"
EndProject
Project("{FAE04EC0-301F-11D3-BF4B-00C04F79EFBC}") = "NetCoreProject.Domain", "NetCoreProject.Domain\NetCoreProject.Domain.csproj", "{9A9AA450-0582-4730-8CF0-6093F3282C87}"
EndProject
Project("{FAE04EC0-301F-11D3-BF4B-00C04F79EFBC}") = "NetCoreProject.DAL", "NetCoreProject.DAL\NetCoreProject.DAL.csproj", "{1AB402F9-F88C-4428-B308-F495958A5C71}"
EndProject
Project("{FAE04EC0-301F-11D3-BF4B-00C04F79EFBC}") = "NetCoreProject.Api", "NetCoreProject.Api\NetCoreProject.Api.csproj", "{A73B532E-2BC9-49E2-AA8F-6A9EF7E77B2B}"
EndProject
Global
	GlobalSection(SolutionConfigurationPlatforms) = preSolution
		Debug|Any CPU = Debug|Any CPU
		Release|Any CPU = Release|Any CPU
	EndGlobalSection
	GlobalSection(ProjectConfigurationPlatforms) = postSolution
		{9A9AA450-0582-4730-8CF0-6093F3282C87}.Debug|Any CPU.ActiveCfg = Debug|Any CPU
		{9A9AA450-0582-4730-8CF0-6093F3282C87}.Debug|Any CPU.Build.0 = Debug|Any CPU
		{9A9AA450-0582-4730-8CF0-6093F3282C87}.Release|Any CPU.ActiveCfg = Release|Any CPU
		{9A9AA450-0582-4730-8CF0-6093F3282C87}.Release|Any CPU.Build.0 = Release|Any CPU
		{1AB402F9-F88C-4428-B308-F495958A5C71}.Debug|Any CPU.ActiveCfg = Debug|Any CPU
		{1AB402F9-F88C-4428-B308-F495958A5C71}.Debug|Any CPU.Build.0 = Debug|Any CPU
		{1AB402F9-F88C-4428-B308-F495958A5C71}.Release|Any CPU.ActiveCfg = Release|Any CPU
		{1AB402F9-F88C-4428-B308-F495958A5C71}.Release|Any CPU.Build.0 = Release|Any CPU
		{A73B532E-2BC9-49E2-AA8F-6A9EF7E77B2B}.Debug|Any CPU.ActiveCfg = Debug|Any CPU
		{A73B532E-2BC9-49E2-AA8F-6A9EF7E77B2B}.Debug|Any CPU.Build.0 = Debug|Any CPU
		{A73B532E-2BC9-49E2-AA8F-6A9EF7E77B2B}.Release|Any CPU.ActiveCfg = Release|Any CPU
		{A73B532E-2BC9-49E2-AA8F-6A9EF7E77B2B}.Release|Any CPU.Build.0 = Release|Any CPU
	EndGlobalSection
	GlobalSection(SolutionProperties) = preSolution
		HideSolutionNode = FALSE
	EndGlobalSection
	GlobalSection(NestedProjects) = preSolution
		{9A9AA450-0582-4730-8CF0-6093F3282C87} = {51E65F74-18DA-4FAE-A90A-803101A895C3}
		{1AB402F9-F88C-4428-B308-F495958A5C71} = {52C97D04-A36B-40E2-BEAD-D0A1A14E98A5}
		{A73B532E-2BC9-49E2-AA8F-6A9EF7E77B2B} = {B840FEA3-A9B9-4371-8A4E-414D409DA03B}
	EndGlobalSection
	GlobalSection(ExtensibilityGlobals) = postSolution
		SolutionGuid = {56538552-6722-4FA1-A8CE-D042246BABD1}
	EndGlobalSection
EndGlobal
